{
  "name": "msb-offline-v2-template",
  "version": "1.0.0",
  "lockfileVersion": 2,
  "requires": true,
  "packages": {
    "": {
      "name": "msb-offline-v2-template",
      "version": "1.0.0",
      "license": "MIT",
      "devDependencies": {
        "@mobisysgmbh/msb-offline-api": "^2.0.0",
        "typescript": "4.8.3"
      }
    },
    "node_modules/@mobisysgmbh/msb-offline-api": {
      "version": "2.0.0",
      "resolved": "https://registry.npmjs.org/@mobisysgmbh/msb-offline-api/-/msb-offline-api-2.0.0.tgz",
      "integrity": "sha512-md6YhTjheqkGdoi/OlogenrFJIr0LA6+QZy7nlQjhY8gLjzoE2XI5vG4PCFXGr0u0YECuFp0f4aY9uhmPn1LCg==",
      "dev": true
    },
    "node_modules/typescript": {
      "version": "4.8.3",
      "resolved": "https://registry.npmjs.org/typescript/-/typescript-4.8.3.tgz",
      "integrity": "sha512-goMHfm00nWPa8UvR/CPSvykqf6dVV8x/dp0c5mFTMTIu0u0FlGWRioyy7Nn0PGAdHxpJZnuO/ut+PpQ8UiHAig==",
      "dev": true,
      "bin": {
        "tsc": "bin/tsc",
        "tsserver": "bin/tsserver"
      },
      "engines": {
        "node": ">=4.2.0"
      }
    }
  },
  "dependencies": {
    "@mobisysgmbh/msb-offline-api": {
      "version": "2.0.0",
      "resolved": "https://registry.npmjs.org/@mobisysgmbh/msb-offline-api/-/msb-offline-api-2.0.0.tgz",
      "integrity": "sha512-md6YhTjheqkGdoi/OlogenrFJIr0LA6+QZy7nlQjhY8gLjzoE2XI5vG4PCFXGr0u0YECuFp0f4aY9uhmPn1LCg==",
      "dev": true
    },
    "typescript": {
      "version": "4.8.3",
      "resolved": "https://registry.npmjs.org/typescript/-/typescript-4.8.3.tgz",
      "integrity": "sha512-goMHfm00nWPa8UvR/CPSvykqf6dVV8x/dp0c5mFTMTIu0u0FlGWRioyy7Nn0PGAdHxpJZnuO/ut+PpQ8UiHAig==",
      "dev": true
    }
  }
}
